
Microsoft Visual Studio Solution File, Format Version 12.00
# Visual Studio 15
Project("{FAE04EC0-301F-11D3-BF4B-00C04F79EFBC}") = "Assembly-CSharp-Editor", "Assembly-CSharp-Editor.csproj", "{14B6E764-EF86-E148-B756-222AE80FBFD8}"
EndProject
Project("{FAE04EC0-301F-11D3-BF4B-00C04F79EFBC}") = "Assembly-CSharp", "Assembly-CSharp.csproj", "{9A6FFCF5-37D5-E521-5278-6CA23CAC9EB8}"
EndProject
Global
	GlobalSection(SolutionConfigurationPlatforms) = preSolution
		Debug|Any CPU = Debug|Any CPU
		Release|Any CPU = Release|Any CPU
	EndGlobalSection
	GlobalSection(ProjectConfigurationPlatforms) = postSolution
		{14B6E764-EF86-E148-B756-222AE80FBFD8}.Debug|Any CPU.ActiveCfg = Debug|Any CPU
		{14B6E764-EF86-E148-B756-222AE80FBFD8}.Debug|Any CPU.Build.0 = Debug|Any CPU
		{14B6E764-EF86-E148-B756-222AE80FBFD8}.Release|Any CPU.ActiveCfg = Release|Any CPU
		{14B6E764-EF86-E148-B756-222AE80FBFD8}.Release|Any CPU.Build.0 = Release|Any CPU
		{9A6FFCF5-37D5-E521-5278-6CA23CAC9EB8}.Debug|Any CPU.ActiveCfg = Debug|Any CPU
		{9A6FFCF5-37D5-E521-5278-6CA23CAC9EB8}.Debug|Any CPU.Build.0 = Debug|Any CPU
		{9A6FFCF5-37D5-E521-5278-6CA23CAC9EB8}.Release|Any CPU.ActiveCfg = Release|Any CPU
		{9A6FFCF5-37D5-E521-5278-6CA23CAC9EB8}.Release|Any CPU.Build.0 = Release|Any CPU
	EndGlobalSection
	GlobalSection(SolutionProperties) = preSolution
		HideSolutionNode = FALSE
	EndGlobalSection
EndGlobal
